
Microsoft Visual Studio Solution File, Format Version 12.00
Project("{FAE04EC0-301F-11D3-BF4B-00C04F79EFBC}") = "CustomProblemDetailsFactory", "CustomProblemDetailsFactory\CustomProblemDetailsFactory.csproj", "{88B85828-8CE0-426A-A7CF-9A11C747A41B}"
EndProject
Global
	GlobalSection(SolutionConfigurationPlatforms) = preSolution
		Debug|Any CPU = Debug|Any CPU
		Release|Any CPU = Release|Any CPU
	EndGlobalSection
	GlobalSection(ProjectConfigurationPlatforms) = postSolution
		{88B85828-8CE0-426A-A7CF-9A11C747A41B}.Debug|Any CPU.ActiveCfg = Debug|Any CPU
		{88B85828-8CE0-426A-A7CF-9A11C747A41B}.Debug|Any CPU.Build.0 = Debug|Any CPU
		{88B85828-8CE0-426A-A7CF-9A11C747A41B}.Release|Any CPU.ActiveCfg = Release|Any CPU
		{88B85828-8CE0-426A-A7CF-9A11C747A41B}.Release|Any CPU.Build.0 = Release|Any CPU
	EndGlobalSection
EndGlobal
